
Microsoft Visual Studio Solution File, Format Version 12.00
# Visual Studio 2012
Project("{FAE04EC0-301F-11D3-BF4B-00C04F79EFBC}") = "MemOrg.WinApp", "WinApp\MemOrg.WinApp.csproj", "{E2FF73B0-F51D-44DD-A46B-8B958BC44E52}"
EndProject
Project("{FAE04EC0-301F-11D3-BF4B-00C04F79EFBC}") = "MemOrg.Interfaces", "Interfaces\MemOrg.Interfaces.csproj", "{C7ECB5BA-4854-4842-B849-323D58E0DE32}"
EndProject
Project("{2150E333-8FDC-42A3-9474-1A3956D46DE8}") = "Modules", "Modules", "{8808E1FA-5060-4314-9DA8-BCC37FBD60A0}"
	ProjectSection(SolutionItems) = preProject
		Process.txt = Process.txt
	EndProjectSection
EndProject
Project("{FAE04EC0-301F-11D3-BF4B-00C04F79EFBC}") = "GraphViewer", "Modules\BlocksMapViewerModule\GraphViewer.csproj", "{6B694E9C-FBE2-4CD5-B99A-7C020E85FB6C}"
EndProject
Project("{2150E333-8FDC-42A3-9474-1A3956D46DE8}") = ".nuget", ".nuget", "{07FA4CAD-2C01-4170-B208-456CFBB2FA94}"
	ProjectSection(SolutionItems) = preProject
		.nuget\NuGet.Config = .nuget\NuGet.Config
		.nuget\NuGet.exe = .nuget\NuGet.exe
		.nuget\NuGet.targets = .nuget\NuGet.targets
	EndProjectSection
EndProject
Project("{2150E333-8FDC-42A3-9474-1A3956D46DE8}") = "BL", "BL", "{A0A474D0-97FE-4829-A742-84B15AD22DF9}"
EndProject
Project("{2150E333-8FDC-42A3-9474-1A3956D46DE8}") = "DAL", "DAL", "{47F51371-B9D7-45EE-8113-09E858054C55}"
EndProject
Project("{FAE04EC0-301F-11D3-BF4B-00C04F79EFBC}") = "Entity", "DAL\Entity\Entity.csproj", "{335B8662-F9FD-487D-9DE7-7DBD001A41FC}"
EndProject
Project("{FAE04EC0-301F-11D3-BF4B-00C04F79EFBC}") = "EF", "DAL\EF\EF.csproj", "{231874C3-1B52-4CB4-B50B-7474C5E8D2DC}"
EndProject
Project("{FAE04EC0-301F-11D3-BF4B-00C04F79EFBC}") = "GraphService", "Modules\GraphService\GraphService.csproj", "{263EECCC-F725-420B-8DB0-5913B9258CAD}"
EndProject
Project("{FAE04EC0-301F-11D3-BF4B-00C04F79EFBC}") = "TmpXmlExportImportService", "BL\TmpXmlExportImport\TmpXmlExportImportService.csproj", "{22F5B749-3332-433F-96B2-152BD59718A8}"
EndProject
Project("{FAE04EC0-301F-11D3-BF4B-00C04F79EFBC}") = "GraphOrganizeService", "Modules\GraphOrganizeService\GraphOrganizeService.csproj", "{EF60D379-D2FD-41B7-9CF9-0BDE55A5F1DA}"
EndProject
Project("{FAE04EC0-301F-11D3-BF4B-00C04F79EFBC}") = "GraphDrawService", "Modules\GraphDrawService\GraphDrawService.csproj", "{54E15FCA-48F8-4F1A-AC45-5000E4CA3208}"
EndProject
Global
	GlobalSection(SolutionConfigurationPlatforms) = preSolution
		Debug|Any CPU = Debug|Any CPU
		Release|Any CPU = Release|Any CPU
	EndGlobalSection
	GlobalSection(ProjectConfigurationPlatforms) = postSolution
		{E2FF73B0-F51D-44DD-A46B-8B958BC44E52}.Debug|Any CPU.ActiveCfg = Debug|Any CPU
		{E2FF73B0-F51D-44DD-A46B-8B958BC44E52}.Debug|Any CPU.Build.0 = Debug|Any CPU
		{E2FF73B0-F51D-44DD-A46B-8B958BC44E52}.Release|Any CPU.ActiveCfg = Release|Any CPU
		{E2FF73B0-F51D-44DD-A46B-8B958BC44E52}.Release|Any CPU.Build.0 = Release|Any CPU
		{C7ECB5BA-4854-4842-B849-323D58E0DE32}.Debug|Any CPU.ActiveCfg = Debug|Any CPU
		{C7ECB5BA-4854-4842-B849-323D58E0DE32}.Debug|Any CPU.Build.0 = Debug|Any CPU
		{C7ECB5BA-4854-4842-B849-323D58E0DE32}.Release|Any CPU.ActiveCfg = Release|Any CPU
		{C7ECB5BA-4854-4842-B849-323D58E0DE32}.Release|Any CPU.Build.0 = Release|Any CPU
		{6B694E9C-FBE2-4CD5-B99A-7C020E85FB6C}.Debug|Any CPU.ActiveCfg = Debug|Any CPU
		{6B694E9C-FBE2-4CD5-B99A-7C020E85FB6C}.Debug|Any CPU.Build.0 = Debug|Any CPU
		{6B694E9C-FBE2-4CD5-B99A-7C020E85FB6C}.Release|Any CPU.ActiveCfg = Release|Any CPU
		{6B694E9C-FBE2-4CD5-B99A-7C020E85FB6C}.Release|Any CPU.Build.0 = Release|Any CPU
		{335B8662-F9FD-487D-9DE7-7DBD001A41FC}.Debug|Any CPU.ActiveCfg = Debug|Any CPU
		{335B8662-F9FD-487D-9DE7-7DBD001A41FC}.Debug|Any CPU.Build.0 = Debug|Any CPU
		{335B8662-F9FD-487D-9DE7-7DBD001A41FC}.Release|Any CPU.ActiveCfg = Release|Any CPU
		{335B8662-F9FD-487D-9DE7-7DBD001A41FC}.Release|Any CPU.Build.0 = Release|Any CPU
		{231874C3-1B52-4CB4-B50B-7474C5E8D2DC}.Debug|Any CPU.ActiveCfg = Debug|Any CPU
		{231874C3-1B52-4CB4-B50B-7474C5E8D2DC}.Debug|Any CPU.Build.0 = Debug|Any CPU
		{231874C3-1B52-4CB4-B50B-7474C5E8D2DC}.Release|Any CPU.ActiveCfg = Release|Any CPU
		{231874C3-1B52-4CB4-B50B-7474C5E8D2DC}.Release|Any CPU.Build.0 = Release|Any CPU
		{263EECCC-F725-420B-8DB0-5913B9258CAD}.Debug|Any CPU.ActiveCfg = Debug|Any CPU
		{263EECCC-F725-420B-8DB0-5913B9258CAD}.Debug|Any CPU.Build.0 = Debug|Any CPU
		{263EECCC-F725-420B-8DB0-5913B9258CAD}.Release|Any CPU.ActiveCfg = Release|Any CPU
		{263EECCC-F725-420B-8DB0-5913B9258CAD}.Release|Any CPU.Build.0 = Release|Any CPU
		{22F5B749-3332-433F-96B2-152BD59718A8}.Debug|Any CPU.ActiveCfg = Debug|Any CPU
		{22F5B749-3332-433F-96B2-152BD59718A8}.Debug|Any CPU.Build.0 = Debug|Any CPU
		{22F5B749-3332-433F-96B2-152BD59718A8}.Release|Any CPU.ActiveCfg = Release|Any CPU
		{22F5B749-3332-433F-96B2-152BD59718A8}.Release|Any CPU.Build.0 = Release|Any CPU
		{EF60D379-D2FD-41B7-9CF9-0BDE55A5F1DA}.Debug|Any CPU.ActiveCfg = Debug|Any CPU
		{EF60D379-D2FD-41B7-9CF9-0BDE55A5F1DA}.Debug|Any CPU.Build.0 = Debug|Any CPU
		{EF60D379-D2FD-41B7-9CF9-0BDE55A5F1DA}.Release|Any CPU.ActiveCfg = Release|Any CPU
		{EF60D379-D2FD-41B7-9CF9-0BDE55A5F1DA}.Release|Any CPU.Build.0 = Release|Any CPU
		{54E15FCA-48F8-4F1A-AC45-5000E4CA3208}.Debug|Any CPU.ActiveCfg = Debug|Any CPU
		{54E15FCA-48F8-4F1A-AC45-5000E4CA3208}.Debug|Any CPU.Build.0 = Debug|Any CPU
		{54E15FCA-48F8-4F1A-AC45-5000E4CA3208}.Release|Any CPU.ActiveCfg = Release|Any CPU
		{54E15FCA-48F8-4F1A-AC45-5000E4CA3208}.Release|Any CPU.Build.0 = Release|Any CPU
	EndGlobalSection
	GlobalSection(SolutionProperties) = preSolution
		HideSolutionNode = FALSE
	EndGlobalSection
	GlobalSection(NestedProjects) = preSolution
		{6B694E9C-FBE2-4CD5-B99A-7C020E85FB6C} = {8808E1FA-5060-4314-9DA8-BCC37FBD60A0}
		{263EECCC-F725-420B-8DB0-5913B9258CAD} = {8808E1FA-5060-4314-9DA8-BCC37FBD60A0}
		{EF60D379-D2FD-41B7-9CF9-0BDE55A5F1DA} = {8808E1FA-5060-4314-9DA8-BCC37FBD60A0}
		{54E15FCA-48F8-4F1A-AC45-5000E4CA3208} = {8808E1FA-5060-4314-9DA8-BCC37FBD60A0}
		{22F5B749-3332-433F-96B2-152BD59718A8} = {A0A474D0-97FE-4829-A742-84B15AD22DF9}
		{335B8662-F9FD-487D-9DE7-7DBD001A41FC} = {47F51371-B9D7-45EE-8113-09E858054C55}
		{231874C3-1B52-4CB4-B50B-7474C5E8D2DC} = {47F51371-B9D7-45EE-8113-09E858054C55}
	EndGlobalSection
	GlobalSection(ExtensibilityGlobals) = postSolution
		EnterpriseLibraryConfigurationToolBinariesPath = packages\Unity.2.1.505.2\lib\NET35
	EndGlobalSection
EndGlobal
