
Microsoft Visual Studio Solution File, Format Version 12.00
# Visual Studio 2012
Project("{FAE04EC0-301F-11D3-BF4B-00C04F79EFBC}") = "MemOrg.WinApp", "WinApp\MemOrg.WinApp.csproj", "{E2FF73B0-F51D-44DD-A46B-8B958BC44E52}"
EndProject
Project("{FAE04EC0-301F-11D3-BF4B-00C04F79EFBC}") = "MemOrg.Interfaces", "Interfaces\MemOrg.Interfaces.csproj", "{C7ECB5BA-4854-4842-B849-323D58E0DE32}"
EndProject
Project("{2150E333-8FDC-42A3-9474-1A3956D46DE8}") = ".nuget", ".nuget", "{07FA4CAD-2C01-4170-B208-456CFBB2FA94}"
	ProjectSection(SolutionItems) = preProject
		.nuget\NuGet.Config = .nuget\NuGet.Config
		.nuget\NuGet.exe = .nuget\NuGet.exe
		.nuget\NuGet.targets = .nuget\NuGet.targets
	EndProjectSection
EndProject
Project("{2150E333-8FDC-42A3-9474-1A3956D46DE8}") = "BL", "BL", "{A0A474D0-97FE-4829-A742-84B15AD22DF9}"
EndProject
Project("{2150E333-8FDC-42A3-9474-1A3956D46DE8}") = "DAL", "DAL", "{47F51371-B9D7-45EE-8113-09E858054C55}"
EndProject
Project("{FAE04EC0-301F-11D3-BF4B-00C04F79EFBC}") = "Entity", "DAL\Entity\Entity.csproj", "{335B8662-F9FD-487D-9DE7-7DBD001A41FC}"
EndProject
Project("{FAE04EC0-301F-11D3-BF4B-00C04F79EFBC}") = "EF", "DAL\EF\EF.csproj", "{231874C3-1B52-4CB4-B50B-7474C5E8D2DC}"
EndProject
Project("{FAE04EC0-301F-11D3-BF4B-00C04F79EFBC}") = "TmpXmlExportImportService", "BL\TmpXmlExportImport\TmpXmlExportImportService.csproj", "{22F5B749-3332-433F-96B2-152BD59718A8}"
EndProject
Project("{2150E333-8FDC-42A3-9474-1A3956D46DE8}") = "Regions", "Regions", "{888359A9-A2AB-42A4-82CB-3BC47866E338}"
EndProject
Project("{2150E333-8FDC-42A3-9474-1A3956D46DE8}") = "Services", "Services", "{92129A69-5915-4CC8-B4FA-011A65A2CB9E}"
	ProjectSection(SolutionItems) = preProject
		Process.txt = Process.txt
	EndProjectSection
EndProject
Project("{FAE04EC0-301F-11D3-BF4B-00C04F79EFBC}") = "GraphViewer", "Regions\GraphViewer\GraphViewer.csproj", "{6B694E9C-FBE2-4CD5-B99A-7C020E85FB6C}"
EndProject
Project("{FAE04EC0-301F-11D3-BF4B-00C04F79EFBC}") = "TempToolbar", "Regions\TempToolbar\TempToolbar.csproj", "{7F1D2BD3-668F-4BB8-B79A-740C8B72A879}"
EndProject
Project("{FAE04EC0-301F-11D3-BF4B-00C04F79EFBC}") = "GraphDrawService", "Services\GraphDrawService\GraphDrawService.csproj", "{54E15FCA-48F8-4F1A-AC45-5000E4CA3208}"
EndProject
Project("{FAE04EC0-301F-11D3-BF4B-00C04F79EFBC}") = "GraphOrganizeService", "Services\GraphOrganizeService\GraphOrganizeService.csproj", "{EF60D379-D2FD-41B7-9CF9-0BDE55A5F1DA}"
EndProject
Project("{FAE04EC0-301F-11D3-BF4B-00C04F79EFBC}") = "GraphService", "Services\GraphService\GraphService.csproj", "{263EECCC-F725-420B-8DB0-5913B9258CAD}"
EndProject
Project("{FAE04EC0-301F-11D3-BF4B-00C04F79EFBC}") = "GraphVizualizeService", "Services\GraphVizualizeService\GraphVizualizeService.csproj", "{3C65ACB0-7205-4958-892A-64E12A1192E6}"
EndProject
Project("{FAE04EC0-301F-11D3-BF4B-00C04F79EFBC}") = "ChapterViewer", "Regions\ChapterViewer\ChapterViewer.csproj", "{1D5CE89B-E01D-4669-9B4F-5F8EECF5A8D2}"
EndProject
Project("{FAE04EC0-301F-11D3-BF4B-00C04F79EFBC}") = "GraphManagementService", "Services\GraphManagementService\GraphManagementService.csproj", "{FE95B316-8049-4124-BF2B-BBC4131B8D0B}"
EndProject
Project("{2150E333-8FDC-42A3-9474-1A3956D46DE8}") = "Doc", "Doc", "{75443726-59E2-4960-85B4-B17B51E2541E}"
	ProjectSection(SolutionItems) = preProject
		TODO.txt = TODO.txt
	EndProjectSection
EndProject
Global
	GlobalSection(SolutionConfigurationPlatforms) = preSolution
		Debug|Any CPU = Debug|Any CPU
		Release|Any CPU = Release|Any CPU
		Test|Any CPU = Test|Any CPU
	EndGlobalSection
	GlobalSection(ProjectConfigurationPlatforms) = postSolution
		{E2FF73B0-F51D-44DD-A46B-8B958BC44E52}.Debug|Any CPU.ActiveCfg = Debug|Any CPU
		{E2FF73B0-F51D-44DD-A46B-8B958BC44E52}.Debug|Any CPU.Build.0 = Debug|Any CPU
		{E2FF73B0-F51D-44DD-A46B-8B958BC44E52}.Release|Any CPU.ActiveCfg = Release|Any CPU
		{E2FF73B0-F51D-44DD-A46B-8B958BC44E52}.Release|Any CPU.Build.0 = Release|Any CPU
		{E2FF73B0-F51D-44DD-A46B-8B958BC44E52}.Test|Any CPU.ActiveCfg = Test|Any CPU
		{E2FF73B0-F51D-44DD-A46B-8B958BC44E52}.Test|Any CPU.Build.0 = Test|Any CPU
		{C7ECB5BA-4854-4842-B849-323D58E0DE32}.Debug|Any CPU.ActiveCfg = Debug|Any CPU
		{C7ECB5BA-4854-4842-B849-323D58E0DE32}.Debug|Any CPU.Build.0 = Debug|Any CPU
		{C7ECB5BA-4854-4842-B849-323D58E0DE32}.Release|Any CPU.ActiveCfg = Release|Any CPU
		{C7ECB5BA-4854-4842-B849-323D58E0DE32}.Release|Any CPU.Build.0 = Release|Any CPU
		{C7ECB5BA-4854-4842-B849-323D58E0DE32}.Test|Any CPU.ActiveCfg = Test|Any CPU
		{C7ECB5BA-4854-4842-B849-323D58E0DE32}.Test|Any CPU.Build.0 = Test|Any CPU
		{335B8662-F9FD-487D-9DE7-7DBD001A41FC}.Debug|Any CPU.ActiveCfg = Debug|Any CPU
		{335B8662-F9FD-487D-9DE7-7DBD001A41FC}.Debug|Any CPU.Build.0 = Debug|Any CPU
		{335B8662-F9FD-487D-9DE7-7DBD001A41FC}.Release|Any CPU.ActiveCfg = Release|Any CPU
		{335B8662-F9FD-487D-9DE7-7DBD001A41FC}.Release|Any CPU.Build.0 = Release|Any CPU
		{335B8662-F9FD-487D-9DE7-7DBD001A41FC}.Test|Any CPU.ActiveCfg = Test|Any CPU
		{335B8662-F9FD-487D-9DE7-7DBD001A41FC}.Test|Any CPU.Build.0 = Test|Any CPU
		{231874C3-1B52-4CB4-B50B-7474C5E8D2DC}.Debug|Any CPU.ActiveCfg = Debug|Any CPU
		{231874C3-1B52-4CB4-B50B-7474C5E8D2DC}.Debug|Any CPU.Build.0 = Debug|Any CPU
		{231874C3-1B52-4CB4-B50B-7474C5E8D2DC}.Release|Any CPU.ActiveCfg = Release|Any CPU
		{231874C3-1B52-4CB4-B50B-7474C5E8D2DC}.Release|Any CPU.Build.0 = Release|Any CPU
		{231874C3-1B52-4CB4-B50B-7474C5E8D2DC}.Test|Any CPU.ActiveCfg = Test|Any CPU
		{231874C3-1B52-4CB4-B50B-7474C5E8D2DC}.Test|Any CPU.Build.0 = Test|Any CPU
		{22F5B749-3332-433F-96B2-152BD59718A8}.Debug|Any CPU.ActiveCfg = Debug|Any CPU
		{22F5B749-3332-433F-96B2-152BD59718A8}.Debug|Any CPU.Build.0 = Debug|Any CPU
		{22F5B749-3332-433F-96B2-152BD59718A8}.Release|Any CPU.ActiveCfg = Release|Any CPU
		{22F5B749-3332-433F-96B2-152BD59718A8}.Release|Any CPU.Build.0 = Release|Any CPU
		{22F5B749-3332-433F-96B2-152BD59718A8}.Test|Any CPU.ActiveCfg = Test|Any CPU
		{22F5B749-3332-433F-96B2-152BD59718A8}.Test|Any CPU.Build.0 = Test|Any CPU
		{6B694E9C-FBE2-4CD5-B99A-7C020E85FB6C}.Debug|Any CPU.ActiveCfg = Debug|Any CPU
		{6B694E9C-FBE2-4CD5-B99A-7C020E85FB6C}.Debug|Any CPU.Build.0 = Debug|Any CPU
		{6B694E9C-FBE2-4CD5-B99A-7C020E85FB6C}.Release|Any CPU.ActiveCfg = Release|Any CPU
		{6B694E9C-FBE2-4CD5-B99A-7C020E85FB6C}.Release|Any CPU.Build.0 = Release|Any CPU
		{6B694E9C-FBE2-4CD5-B99A-7C020E85FB6C}.Test|Any CPU.ActiveCfg = Test|Any CPU
		{6B694E9C-FBE2-4CD5-B99A-7C020E85FB6C}.Test|Any CPU.Build.0 = Test|Any CPU
		{7F1D2BD3-668F-4BB8-B79A-740C8B72A879}.Debug|Any CPU.ActiveCfg = Debug|Any CPU
		{7F1D2BD3-668F-4BB8-B79A-740C8B72A879}.Debug|Any CPU.Build.0 = Debug|Any CPU
		{7F1D2BD3-668F-4BB8-B79A-740C8B72A879}.Release|Any CPU.ActiveCfg = Release|Any CPU
		{7F1D2BD3-668F-4BB8-B79A-740C8B72A879}.Release|Any CPU.Build.0 = Release|Any CPU
		{7F1D2BD3-668F-4BB8-B79A-740C8B72A879}.Test|Any CPU.ActiveCfg = Test|Any CPU
		{7F1D2BD3-668F-4BB8-B79A-740C8B72A879}.Test|Any CPU.Build.0 = Test|Any CPU
		{54E15FCA-48F8-4F1A-AC45-5000E4CA3208}.Debug|Any CPU.ActiveCfg = Debug|Any CPU
		{54E15FCA-48F8-4F1A-AC45-5000E4CA3208}.Debug|Any CPU.Build.0 = Debug|Any CPU
		{54E15FCA-48F8-4F1A-AC45-5000E4CA3208}.Release|Any CPU.ActiveCfg = Release|Any CPU
		{54E15FCA-48F8-4F1A-AC45-5000E4CA3208}.Release|Any CPU.Build.0 = Release|Any CPU
		{54E15FCA-48F8-4F1A-AC45-5000E4CA3208}.Test|Any CPU.ActiveCfg = Test|Any CPU
		{54E15FCA-48F8-4F1A-AC45-5000E4CA3208}.Test|Any CPU.Build.0 = Test|Any CPU
		{EF60D379-D2FD-41B7-9CF9-0BDE55A5F1DA}.Debug|Any CPU.ActiveCfg = Debug|Any CPU
		{EF60D379-D2FD-41B7-9CF9-0BDE55A5F1DA}.Debug|Any CPU.Build.0 = Debug|Any CPU
		{EF60D379-D2FD-41B7-9CF9-0BDE55A5F1DA}.Release|Any CPU.ActiveCfg = Release|Any CPU
		{EF60D379-D2FD-41B7-9CF9-0BDE55A5F1DA}.Release|Any CPU.Build.0 = Release|Any CPU
		{EF60D379-D2FD-41B7-9CF9-0BDE55A5F1DA}.Test|Any CPU.ActiveCfg = Test|Any CPU
		{EF60D379-D2FD-41B7-9CF9-0BDE55A5F1DA}.Test|Any CPU.Build.0 = Test|Any CPU
		{263EECCC-F725-420B-8DB0-5913B9258CAD}.Debug|Any CPU.ActiveCfg = Debug|Any CPU
		{263EECCC-F725-420B-8DB0-5913B9258CAD}.Debug|Any CPU.Build.0 = Debug|Any CPU
		{263EECCC-F725-420B-8DB0-5913B9258CAD}.Release|Any CPU.ActiveCfg = Release|Any CPU
		{263EECCC-F725-420B-8DB0-5913B9258CAD}.Release|Any CPU.Build.0 = Release|Any CPU
		{263EECCC-F725-420B-8DB0-5913B9258CAD}.Test|Any CPU.ActiveCfg = Test|Any CPU
		{263EECCC-F725-420B-8DB0-5913B9258CAD}.Test|Any CPU.Build.0 = Test|Any CPU
		{3C65ACB0-7205-4958-892A-64E12A1192E6}.Debug|Any CPU.ActiveCfg = Debug|Any CPU
		{3C65ACB0-7205-4958-892A-64E12A1192E6}.Debug|Any CPU.Build.0 = Debug|Any CPU
		{3C65ACB0-7205-4958-892A-64E12A1192E6}.Release|Any CPU.ActiveCfg = Release|Any CPU
		{3C65ACB0-7205-4958-892A-64E12A1192E6}.Release|Any CPU.Build.0 = Release|Any CPU
		{3C65ACB0-7205-4958-892A-64E12A1192E6}.Test|Any CPU.ActiveCfg = Test|Any CPU
		{3C65ACB0-7205-4958-892A-64E12A1192E6}.Test|Any CPU.Build.0 = Test|Any CPU
		{1D5CE89B-E01D-4669-9B4F-5F8EECF5A8D2}.Debug|Any CPU.ActiveCfg = Debug|Any CPU
		{1D5CE89B-E01D-4669-9B4F-5F8EECF5A8D2}.Debug|Any CPU.Build.0 = Debug|Any CPU
		{1D5CE89B-E01D-4669-9B4F-5F8EECF5A8D2}.Release|Any CPU.ActiveCfg = Release|Any CPU
		{1D5CE89B-E01D-4669-9B4F-5F8EECF5A8D2}.Release|Any CPU.Build.0 = Release|Any CPU
		{1D5CE89B-E01D-4669-9B4F-5F8EECF5A8D2}.Test|Any CPU.ActiveCfg = Test|Any CPU
		{1D5CE89B-E01D-4669-9B4F-5F8EECF5A8D2}.Test|Any CPU.Build.0 = Test|Any CPU
		{FE95B316-8049-4124-BF2B-BBC4131B8D0B}.Debug|Any CPU.ActiveCfg = Debug|Any CPU
		{FE95B316-8049-4124-BF2B-BBC4131B8D0B}.Debug|Any CPU.Build.0 = Debug|Any CPU
		{FE95B316-8049-4124-BF2B-BBC4131B8D0B}.Release|Any CPU.ActiveCfg = Release|Any CPU
		{FE95B316-8049-4124-BF2B-BBC4131B8D0B}.Release|Any CPU.Build.0 = Release|Any CPU
		{FE95B316-8049-4124-BF2B-BBC4131B8D0B}.Test|Any CPU.ActiveCfg = Release|Any CPU
		{FE95B316-8049-4124-BF2B-BBC4131B8D0B}.Test|Any CPU.Build.0 = Release|Any CPU
	EndGlobalSection
	GlobalSection(SolutionProperties) = preSolution
		HideSolutionNode = FALSE
	EndGlobalSection
	GlobalSection(NestedProjects) = preSolution
		{22F5B749-3332-433F-96B2-152BD59718A8} = {A0A474D0-97FE-4829-A742-84B15AD22DF9}
		{335B8662-F9FD-487D-9DE7-7DBD001A41FC} = {47F51371-B9D7-45EE-8113-09E858054C55}
		{231874C3-1B52-4CB4-B50B-7474C5E8D2DC} = {47F51371-B9D7-45EE-8113-09E858054C55}
		{6B694E9C-FBE2-4CD5-B99A-7C020E85FB6C} = {888359A9-A2AB-42A4-82CB-3BC47866E338}
		{7F1D2BD3-668F-4BB8-B79A-740C8B72A879} = {888359A9-A2AB-42A4-82CB-3BC47866E338}
		{1D5CE89B-E01D-4669-9B4F-5F8EECF5A8D2} = {888359A9-A2AB-42A4-82CB-3BC47866E338}
		{54E15FCA-48F8-4F1A-AC45-5000E4CA3208} = {92129A69-5915-4CC8-B4FA-011A65A2CB9E}
		{EF60D379-D2FD-41B7-9CF9-0BDE55A5F1DA} = {92129A69-5915-4CC8-B4FA-011A65A2CB9E}
		{263EECCC-F725-420B-8DB0-5913B9258CAD} = {92129A69-5915-4CC8-B4FA-011A65A2CB9E}
		{3C65ACB0-7205-4958-892A-64E12A1192E6} = {92129A69-5915-4CC8-B4FA-011A65A2CB9E}
		{FE95B316-8049-4124-BF2B-BBC4131B8D0B} = {92129A69-5915-4CC8-B4FA-011A65A2CB9E}
	EndGlobalSection
	GlobalSection(ExtensibilityGlobals) = postSolution
		EnterpriseLibraryConfigurationToolBinariesPath = packages\Unity.2.1.505.2\lib\NET35
	EndGlobalSection
EndGlobal
